// !$*UTF8*$!
{
	archiveVersion = 1;
	classes = {
	};
	objectVersion = 77;
	objects = {

/* Begin PBXContainerItemProxy section */
		C6A4F8C72E01751700FAEC72 /* PBXContainerItemProxy */ = {
			isa = PBXContainerItemProxy;
			containerPortal = C6A4F8AF2E01751500FAEC72 /* Project object */;
			proxyType = 1;
			remoteGlobalIDString = C6A4F8B62E01751500FAEC72;
			remoteInfo = test0;
		};
		C6A4F8D12E01751700FAEC72 /* PBXContainerItemProxy */ = {
			isa = PBXContainerItemProxy;
			containerPortal = C6A4F8AF2E01751500FAEC72 /* Project object */;
			proxyType = 1;
			remoteGlobalIDString = C6A4F8B62E01751500FAEC72;
			remoteInfo = test0;
		};
/* End PBXContainerItemProxy section */

/* Begin PBXFileReference section */
		C6A4F8B72E01751500FAEC72 /* cleveriosclient.app */ = {isa = PBXFileReference; explicitFileType = wrapper.application; includeInIndex = 0; path = cleveriosclient.app; sourceTree = BUILT_PRODUCTS_DIR; };
		C6A4F8C62E01751700FAEC72 /* cleveriosclientTests.xctest */ = {isa = PBXFileReference; explicitFileType = wrapper.cfbundle; includeInIndex = 0; path = cleveriosclientTests.xctest; sourceTree = BUILT_PRODUCTS_DIR; };
		C6A4F8D02E01751700FAEC72 /* cleveriosclientUITests.xctest */ = {isa = PBXFileReference; explicitFileType = wrapper.cfbundle; includeInIndex = 0; path = cleveriosclientUITests.xctest; sourceTree = BUILT_PRODUCTS_DIR; };
		C6E7BE4C2E7F0AE0005918F9 /* cleveriosclient.xcodeproj */ = {isa = PBXFileReference; lastKnownFileType = "wrapper.pb-project"; path = cleveriosclient.xcodeproj; sourceTree = SOURCE_ROOT; };
/* End PBXFileReference section */

/* Begin PBXFileSystemSynchronizedRootGroup section */
		C6A4F8B92E01751500FAEC72 /* cleveriosclient */ = {
			isa = PBXFileSystemSynchronizedRootGroup;
			path = cleveriosclient;
			sourceTree = "<group>";
		};
		C6A4F8C92E01751700FAEC72 /* cleveriosclientTests */ = {
			isa = PBXFileSystemSynchronizedRootGroup;
			path = cleveriosclientTests;
			sourceTree = "<group>";
		};
		C6A4F8D32E01751700FAEC72 /* cleveriosclientUITests */ = {
			isa = PBXFileSystemSynchronizedRootGroup;
			path = cleveriosclientUITests;
			sourceTree = "<group>";
		};
/* End PBXFileSystemSynchronizedRootGroup section */

/* Begin PBXFrameworksBuildPhase section */
		C6A4F8B42E01751500FAEC72 /* Frameworks */ = {
			isa = PBXFrameworksBuildPhase;
			buildActionMask = 2147483647;
			files = (
			);
			runOnlyForDeploymentPostprocessing = 0;
		};
		C6A4F8C32E01751700FAEC72 /* Frameworks */ = {
			isa = PBXFrameworksBuildPhase;
			buildActionMask = 2147483647;
			files = (
			);
			runOnlyForDeploymentPostprocessing = 0;
		};
		C6A4F8CD2E01751700FAEC72 /* Frameworks */ = {
			isa = PBXFrameworksBuildPhase;
			buildActionMask = 2147483647;
			files = (
			);
			runOnlyForDeploymentPostprocessing = 0;
		};
/* End PBXFrameworksBuildPhase section */

/* Begin PBXGroup section */
		C6A4F8AE2E01751500FAEC72 = {
			isa = PBXGroup;
			children = (
				C6E7BE4C2E7F0AE0005918F9 /* cleveriosclient.xcodeproj */,
				C6A4F8B92E01751500FAEC72 /* cleveriosclient */,
				C6A4F8C92E01751700FAEC72 /* cleveriosclientTests */,
				C6A4F8D32E01751700FAEC72 /* cleveriosclientUITests */,
				C6A4F8B82E01751500FAEC72 /* Products */,
			);
			sourceTree = "<group>";
		};
		C6A4F8B82E01751500FAEC72 /* Products */ = {
			isa = PBXGroup;
			children = (
				C6A4F8B72E01751500FAEC72 /* cleveriosclient.app */,
				C6A4F8C62E01751700FAEC72 /* cleveriosclientTests.xctest */,
				C6A4F8D02E01751700FAEC72 /* cleveriosclientUITests.xctest */,
			);
			name = Products;
			sourceTree = "<group>";
		};
/* End PBXGroup section */

/* Begin PBXNativeTarget section */
		C6A4F8B62E01751500FAEC72 /* cleveriosclient */ = {
			isa = PBXNativeTarget;
			buildConfigurationList = C6A4F8DA2E01751700FAEC72 /* Build configuration list for PBXNativeTarget "cleveriosclient" */;
			buildPhases = (
				C6A4F8B32E01751500FAEC72 /* Sources */,
				C6A4F8B42E01751500FAEC72 /* Frameworks */,
				C6A4F8B52E01751500FAEC72 /* Resources */,
			);
			buildRules = (
			);
			dependencies = (
			);
			fileSystemSynchronizedGroups = (
				C6A4F8B92E01751500FAEC72 /* cleveriosclient */,
			);
			name = cleveriosclient;
			packageProductDependencies = (
			);
			productName = test0;
			productReference = C6A4F8B72E01751500FAEC72 /* cleveriosclient.app */;
			productType = "com.apple.product-type.application";
		};
		C6A4F8C52E01751700FAEC72 /* cleveriosclientTests */ = {
			isa = PBXNativeTarget;
			buildConfigurationList = C6A4F8DD2E01751700FAEC72 /* Build configuration list for PBXNativeTarget "cleveriosclientTests" */;
			buildPhases = (
				C6A4F8C22E01751700FAEC72 /* Sources */,
				C6A4F8C32E01751700FAEC72 /* Frameworks */,
				C6A4F8C42E01751700FAEC72 /* Resources */,
			);
			buildRules = (
			);
			dependencies = (
				C6A4F8C82E01751700FAEC72 /* PBXTargetDependency */,
			);
			fileSystemSynchronizedGroups = (
				C6A4F8C92E01751700FAEC72 /* cleveriosclientTests */,
			);
			name = cleveriosclientTests;
			packageProductDependencies = (
			);
			productName = test0Tests;
			productReference = C6A4F8C62E01751700FAEC72 /* cleveriosclientTests.xctest */;
			productType = "com.apple.product-type.bundle.unit-test";
		};
		C6A4F8CF2E01751700FAEC72 /* cleveriosclientUITests */ = {
			isa = PBXNativeTarget;
			buildConfigurationList = C6A4F8E02E01751700FAEC72 /* Build configuration list for PBXNativeTarget "cleveriosclientUITests" */;
			buildPhases = (
				C6A4F8CC2E01751700FAEC72 /* Sources */,
				C6A4F8CD2E01751700FAEC72 /* Frameworks */,
				C6A4F8CE2E01751700FAEC72 /* Resources */,
			);
			buildRules = (
			);
			dependencies = (
				C6A4F8D22E01751700FAEC72 /* PBXTargetDependency */,
			);
			fileSystemSynchronizedGroups = (
				C6A4F8D32E01751700FAEC72 /* cleveriosclientUITests */,
			);
			name = cleveriosclientUITests;
			packageProductDependencies = (
			);
			productName = test0UITests;
			productReference = C6A4F8D02E01751700FAEC72 /* cleveriosclientUITests.xctest */;
			productType = "com.apple.product-type.bundle.ui-testing";
		};
/* End PBXNativeTarget section */

/* Begin PBXProject section */
		C6A4F8AF2E01751500FAEC72 /* Project object */ = {
			isa = PBXProject;
			attributes = {
				BuildIndependentTargetsInParallel = 1;
				LastSwiftUpdateCheck = 1640;
				LastUpgradeCheck = 1640;
				TargetAttributes = {
					C6A4F8B62E01751500FAEC72 = {
						CreatedOnToolsVersion = 16.4;
					};
					C6A4F8C52E01751700FAEC72 = {
						CreatedOnToolsVersion = 16.4;
						TestTargetID = C6A4F8B62E01751500FAEC72;
					};
					C6A4F8CF2E01751700FAEC72 = {
						CreatedOnToolsVersion = 16.4;
						TestTargetID = C6A4F8B62E01751500FAEC72;
					};
				};
			};
			buildConfigurationList = C6A4F8B22E01751500FAEC72 /* Build configuration list for PBXProject "cleveriosclient" */;
			developmentRegion = en;
			hasScannedForEncodings = 0;
			knownRegions = (
				en,
				Base,
			);
			mainGroup = C6A4F8AE2E01751500FAEC72;
			minimizedProjectReferenceProxies = 1;
			preferredProjectObjectVersion = 77;
			productRefGroup = C6A4F8B82E01751500FAEC72 /* Products */;
			projectDirPath = "";
			projectRoot = "";
			targets = (
				C6A4F8B62E01751500FAEC72 /* cleveriosclient */,
				C6A4F8C52E01751700FAEC72 /* cleveriosclientTests */,
				C6A4F8CF2E01751700FAEC72 /* cleveriosclientUITests */,
			);
		};
/* End PBXProject section */

/* Begin PBXResourcesBuildPhase section */
		C6A4F8B52E01751500FAEC72 /* Resources */ = {
			isa = PBXResourcesBuildPhase;
			buildActionMask = 2147483647;
			files = (
			);
			runOnlyForDeploymentPostprocessing = 0;
		};
		C6A4F8C42E01751700FAEC72 /* Resources */ = {
			isa = PBXResourcesBuildPhase;
			buildActionMask = 2147483647;
			files = (
			);
			runOnlyForDeploymentPostprocessing = 0;
		};
		C6A4F8CE2E01751700FAEC72 /* Resources */ = {
			isa = PBXResourcesBuildPhase;
			buildActionMask = 2147483647;
			files = (
			);
			runOnlyForDeploymentPostprocessing = 0;
		};
/* End PBXResourcesBuildPhase section */

/* Begin PBXSourcesBuildPhase section */
		C6A4F8B32E01751500FAEC72 /* Sources */ = {
			isa = PBXSourcesBuildPhase;
			buildActionMask = 2147483647;
			files = (
			);
			runOnlyForDeploymentPostprocessing = 0;
		};
		C6A4F8C22E01751700FAEC72 /* Sources */ = {
			isa = PBXSourcesBuildPhase;
			buildActionMask = 2147483647;
			files = (
			);
			runOnlyForDeploymentPostprocessing = 0;
		};
		C6A4F8CC2E01751700FAEC72 /* Sources */ = {
			isa = PBXSourcesBuildPhase;
			buildActionMask = 2147483647;
			files = (
			);
			runOnlyForDeploymentPostprocessing = 0;
		};
/* End PBXSourcesBuildPhase section */

/* Begin PBXTargetDependency section */
		C6A4F8C82E01751700FAEC72 /* PBXTargetDependency */ = {
			isa = PBXTargetDependency;
			target = C6A4F8B62E01751500FAEC72 /* cleveriosclient */;
			targetProxy = C6A4F8C72E01751700FAEC72 /* PBXContainerItemProxy */;
		};
		C6A4F8D22E01751700FAEC72 /* PBXTargetDependency */ = {
			isa = PBXTargetDependency;
			target = C6A4F8B62E01751500FAEC72 /* cleveriosclient */;
			targetProxy = C6A4F8D12E01751700FAEC72 /* PBXContainerItemProxy */;
		};
/* End PBXTargetDependency section */

/* Begin XCBuildConfiguration section */
		C6A4F8D82E01751700FAEC72 /* Debug */ = {
			isa = XCBuildConfiguration;
			buildSettings = {
				ALWAYS_SEARCH_USER_PATHS = NO;
				ASSETCATALOG_COMPILER_GENERATE_SWIFT_ASSET_SYMBOL_EXTENSIONS = YES;
				CLANG_ANALYZER_NONNULL = YES;
				CLANG_ANALYZER_NUMBER_OBJECT_CONVERSION = YES_AGGRESSIVE;
				CLANG_CXX_LANGUAGE_STANDARD = "gnu++20";
				CLANG_ENABLE_MODULES = YES;
				CLANG_ENABLE_OBJC_ARC = YES;
				CLANG_ENABLE_OBJC_WEAK = YES;
				CLANG_WARN_BLOCK_CAPTURE_AUTORELEASING = YES;
				CLANG_WARN_BOOL_CONVERSION = YES;
				CLANG_WARN_COMMA = YES;
				CLANG_WARN_CONSTANT_CONVERSION = YES;
				CLANG_WARN_DEPRECATED_OBJC_IMPLEMENTATIONS = YES;
				CLANG_WARN_DIRECT_OBJC_ISA_USAGE = YES_ERROR;
				CLANG_WARN_DOCUMENTATION_COMMENTS = YES;
				CLANG_WARN_EMPTY_BODY = YES;
				CLANG_WARN_ENUM_CONVERSION = YES;
				CLANG_WARN_INFINITE_RECURSION = YES;
				CLANG_WARN_INT_CONVERSION = YES;
				CLANG_WARN_NON_LITERAL_NULL_CONVERSION = YES;
				CLANG_WARN_OBJC_IMPLICIT_RETAIN_SELF = YES;
				CLANG_WARN_OBJC_LITERAL_CONVERSION = YES;
				CLANG_WARN_OBJC_ROOT_CLASS = YES_ERROR;
				CLANG_WARN_QUOTED_INCLUDE_IN_FRAMEWORK_HEADER = YES;
				CLANG_WARN_RANGE_LOOP_ANALYSIS = YES;
				CLANG_WARN_STRICT_PROTOTYPES = YES;
				CLANG_WARN_SUSPICIOUS_MOVE = YES;
				CLANG_WARN_UNGUARDED_AVAILABILITY = YES_AGGRESSIVE;
				CLANG_WARN_UNREACHABLE_CODE = YES;
				CLANG_WARN__DUPLICATE_METHOD_MATCH = YES;
				COPY_PHASE_STRIP = NO;
				DEBUG_INFORMATION_FORMAT = dwarf;
				ENABLE_STRICT_OBJC_MSGSEND = YES;
				ENABLE_TESTABILITY = YES;
				ENABLE_USER_SCRIPT_SANDBOXING = YES;
				GCC_C_LANGUAGE_STANDARD = gnu17;
				GCC_DYNAMIC_NO_PIC = NO;
				GCC_NO_COMMON_BLOCKS = YES;
				GCC_OPTIMIZATION_LEVEL = 0;
				GCC_PREPROCESSOR_DEFINITIONS = (
					"DEBUG=1",
					"$(inherited)",
				);
				GCC_WARN_64_TO_32_BIT_CONVERSION = YES;
				GCC_WARN_ABOUT_RETURN_TYPE = YES_ERROR;
				GCC_WARN_UNDECLARED_SELECTOR = YES;
				GCC_WARN_UNINITIALIZED_AUTOS = YES_AGGRESSIVE;
				GCC_WARN_UNUSED_FUNCTION = YES;
				GCC_WARN_UNUSED_VARIABLE = YES;
				IPHONEOS_DEPLOYMENT_TARGET = 18.5;
				LOCALIZATION_PREFERS_STRING_CATALOGS = YES;
				MTL_ENABLE_DEBUG_INFO = INCLUDE_SOURCE;
				MTL_FAST_MATH = YES;
				ONLY_ACTIVE_ARCH = YES;
				SDKROOT = iphoneos;
				SWIFT_ACTIVE_COMPILATION_CONDITIONS = "DEBUG $(inherited)";
				SWIFT_OPTIMIZATION_LEVEL = "-Onone";
			};
			name = Debug;
		};
		C6A4F8D92E01751700FAEC72 /* Release */ = {
			isa = XCBuildConfiguration;
			buildSettings = {
				ALWAYS_SEARCH_USER_PATHS = NO;
				ASSETCATALOG_COMPILER_GENERATE_SWIFT_ASSET_SYMBOL_EXTENSIONS = YES;
				CLANG_ANALYZER_NONNULL = YES;
				CLANG_ANALYZER_NUMBER_OBJECT_CONVERSION = YES_AGGRESSIVE;
				CLANG_CXX_LANGUAGE_STANDARD = "gnu++20";
				CLANG_ENABLE_MODULES = YES;
				CLANG_ENABLE_OBJC_ARC = YES;
				CLANG_ENABLE_OBJC_WEAK = YES;
				CLANG_WARN_BLOCK_CAPTURE_AUTORELEASING = YES;
				CLANG_WARN_BOOL_CONVERSION = YES;
				CLANG_WARN_COMMA = YES;
				CLANG_WARN_CONSTANT_CONVERSION = YES;
				CLANG_WARN_DEPRECATED_OBJC_IMPLEMENTATIONS = YES;
				CLANG_WARN_DIRECT_OBJC_ISA_USAGE = YES_ERROR;
				CLANG_WARN_DOCUMENTATION_COMMENTS = YES;
				CLANG_WARN_EMPTY_BODY = YES;
				CLANG_WARN_ENUM_CONVERSION = YES;
				CLANG_WARN_INFINITE_RECURSION = YES;
				CLANG_WARN_INT_CONVERSION = YES;
				CLANG_WARN_NON_LITERAL_NULL_CONVERSION = YES;
				CLANG_WARN_OBJC_IMPLICIT_RETAIN_SELF = YES;
				CLANG_WARN_OBJC_LITERAL_CONVERSION = YES;
				CLANG_WARN_OBJC_ROOT_CLASS = YES_ERROR;
				CLANG_WARN_QUOTED_INCLUDE_IN_FRAMEWORK_HEADER = YES;
				CLANG_WARN_RANGE_LOOP_ANALYSIS = YES;
				CLANG_WARN_STRICT_PROTOTYPES = YES;
				CLANG_WARN_SUSPICIOUS_MOVE = YES;
				CLANG_WARN_UNGUARDED_AVAILABILITY = YES_AGGRESSIVE;
				CLANG_WARN_UNREACHABLE_CODE = YES;
				CLANG_WARN__DUPLICATE_METHOD_MATCH = YES;
				COPY_PHASE_STRIP = NO;
				DEBUG_INFORMATION_FORMAT = "dwarf-with-dsym";
				ENABLE_NS_ASSERTIONS = NO;
				ENABLE_STRICT_OBJC_MSGSEND = YES;
				ENABLE_USER_SCRIPT_SANDBOXING = YES;
				GCC_C_LANGUAGE_STANDARD = gnu17;
				GCC_NO_COMMON_BLOCKS = YES;
				GCC_WARN_64_TO_32_BIT_CONVERSION = YES;
				GCC_WARN_ABOUT_RETURN_TYPE = YES_ERROR;
				GCC_WARN_UNDECLARED_SELECTOR = YES;
				GCC_WARN_UNINITIALIZED_AUTOS = YES_AGGRESSIVE;
				GCC_WARN_UNUSED_FUNCTION = YES;
				GCC_WARN_UNUSED_VARIABLE = YES;
				IPHONEOS_DEPLOYMENT_TARGET = 18.5;
				LOCALIZATION_PREFERS_STRING_CATALOGS = YES;
				MTL_ENABLE_DEBUG_INFO = NO;
				MTL_FAST_MATH = YES;
				SDKROOT = iphoneos;
				SWIFT_COMPILATION_MODE = wholemodule;
				VALIDATE_PRODUCT = YES;
			};
			name = Release;
		};
		C6A4F8DB2E01751700FAEC72 /* Debug */ = {
			isa = XCBuildConfiguration;
			buildSettings = {
				ASSETCATALOG_COMPILER_APPICON_NAME = AppIcon;
				ASSETCATALOG_COMPILER_GLOBAL_ACCENT_COLOR_NAME = AccentColor;
				ASSETCATALOG_COMPILER_INCLUDE_ALL_APPICON_ASSETS = NO;
				CODE_SIGN_STYLE = Automatic;
				CURRENT_PROJECT_VERSION = 19;
				DEVELOPMENT_TEAM = DS6BK4WLCX;
				ENABLE_PREVIEWS = YES;
				GENERATE_INFOPLIST_FILE = YES;
				INFOPLIST_KEY_CFBundleDisplayName = "Clever iOS Client";
				INFOPLIST_KEY_CFBundleURLTypes = "{\n    CFBundleURLName = \"com.fredalix.cctoolkit.oauth\";\n    CFBundleURLSchemes =     (\n        \"com.fredalix.cctoolkit\"\n    );\n}";
				INFOPLIST_KEY_LSApplicationCategoryType = "public.app-category.utilities";
				INFOPLIST_KEY_UIApplicationSceneManifest_Generation = YES;
				INFOPLIST_KEY_UIApplicationSupportsIndirectInputEvents = YES;
				INFOPLIST_KEY_UILaunchScreen_Generation = YES;
				INFOPLIST_KEY_UISupportedInterfaceOrientations = UIInterfaceOrientationPortrait;
				INFOPLIST_KEY_UISupportedInterfaceOrientations_iPad = "UIInterfaceOrientationLandscapeLeft UIInterfaceOrientationLandscapeRight UIInterfaceOrientationPortrait UIInterfaceOrientationPortraitUpsideDown";
				IPHONEOS_DEPLOYMENT_TARGET = 18.0;
				LD_RUNPATH_SEARCH_PATHS = (
					"$(inherited)",
					"@executable_path/Frameworks",
				);
				MARKETING_VERSION = 2;
				PRODUCT_BUNDLE_IDENTIFIER = com.fredalix.cciosclient;
				PRODUCT_NAME = "$(TARGET_NAME)";
				SUPPORTED_PLATFORMS = "iphoneos iphonesimulator";
				SUPPORTS_MACCATALYST = NO;
				SUPPORTS_MAC_DESIGNED_FOR_IPHONE_IPAD = YES;
				SUPPORTS_XR_DESIGNED_FOR_IPHONE_IPAD = NO;
				SWIFT_EMIT_LOC_STRINGS = YES;
				SWIFT_VERSION = 6.0;
				TARGETED_DEVICE_FAMILY = "1,2";
			};
			name = Debug;
		};
		C6A4F8DC2E01751700FAEC72 /* Release */ = {
			isa = XCBuildConfiguration;
			buildSettings = {
				ASSETCATALOG_COMPILER_APPICON_NAME = AppIcon;
				ASSETCATALOG_COMPILER_GLOBAL_ACCENT_COLOR_NAME = AccentColor;
				ASSETCATALOG_COMPILER_INCLUDE_ALL_APPICON_ASSETS = NO;
				CODE_SIGN_STYLE = Automatic;
				CURRENT_PROJECT_VERSION = 19;
				DEVELOPMENT_TEAM = DS6BK4WLCX;
				ENABLE_PREVIEWS = YES;
				GENERATE_INFOPLIST_FILE = YES;
				INFOPLIST_KEY_CFBundleDisplayName = "Clever iOS Client";
				INFOPLIST_KEY_CFBundleURLTypes = "{\n    CFBundleURLName = \"com.fredalix.cctoolkit.oauth\";\n    CFBundleURLSchemes =     (\n        \"com.fredalix.cctoolkit\"\n    );\n}";
				INFOPLIST_KEY_LSApplicationCategoryType = "public.app-category.utilities";
				INFOPLIST_KEY_UIApplicationSceneManifest_Generation = YES;
				INFOPLIST_KEY_UIApplicationSupportsIndirectInputEvents = YES;
				INFOPLIST_KEY_UILaunchScreen_Generation = YES;
				INFOPLIST_KEY_UISupportedInterfaceOrientations = UIInterfaceOrientationPortrait;
				INFOPLIST_KEY_UISupportedInterfaceOrientations_iPad = "UIInterfaceOrientationLandscapeLeft UIInterfaceOrientationLandscapeRight UIInterfaceOrientationPortrait UIInterfaceOrientationPortraitUpsideDown";
				IPHONEOS_DEPLOYMENT_TARGET = 18.0;
				LD_RUNPATH_SEARCH_PATHS = (
					"$(inherited)",
					"@executable_path/Frameworks",
				);
				MARKETING_VERSION = 2;
				PRODUCT_BUNDLE_IDENTIFIER = com.fredalix.cciosclient;
				PRODUCT_NAME = "$(TARGET_NAME)";
				SUPPORTED_PLATFORMS = "iphoneos iphonesimulator";
				SUPPORTS_MACCATALYST = NO;
				SUPPORTS_MAC_DESIGNED_FOR_IPHONE_IPAD = YES;
				SUPPORTS_XR_DESIGNED_FOR_IPHONE_IPAD = NO;
				SWIFT_EMIT_LOC_STRINGS = YES;
				SWIFT_VERSION = 6.0;
				TARGETED_DEVICE_FAMILY = "1,2";
			};
			name = Release;
		};
		C6A4F8DE2E01751700FAEC72 /* Debug */ = {
			isa = XCBuildConfiguration;
			buildSettings = {
				BUNDLE_LOADER = "$(TEST_HOST)";
				CODE_SIGN_STYLE = Automatic;
				CURRENT_PROJECT_VERSION = 1;
				GENERATE_INFOPLIST_FILE = YES;
				IPHONEOS_DEPLOYMENT_TARGET = 18.5;
				MARKETING_VERSION = 1.0;
				PRODUCT_BUNDLE_IDENTIFIER = com.fredalix.cctoolkit.test0Tests;
				PRODUCT_NAME = "$(TARGET_NAME)";
				SWIFT_EMIT_LOC_STRINGS = NO;
				SWIFT_VERSION = 5.0;
				TARGETED_DEVICE_FAMILY = "1,2";
				TEST_HOST = "$(BUILT_PRODUCTS_DIR)/cleveriosclient.app/$(BUNDLE_EXECUTABLE_FOLDER_PATH)/cleveriosclient";
			};
			name = Debug;
		};
		C6A4F8DF2E01751700FAEC72 /* Release */ = {
			isa = XCBuildConfiguration;
			buildSettings = {
				BUNDLE_LOADER = "$(TEST_HOST)";
				CODE_SIGN_STYLE = Automatic;
				CURRENT_PROJECT_VERSION = 1;
				GENERATE_INFOPLIST_FILE = YES;
				IPHONEOS_DEPLOYMENT_TARGET = 18.5;
				MARKETING_VERSION = 1.0;
				PRODUCT_BUNDLE_IDENTIFIER = com.fredalix.cctoolkit.test0Tests;
				PRODUCT_NAME = "$(TARGET_NAME)";
				SWIFT_EMIT_LOC_STRINGS = NO;
				SWIFT_VERSION = 5.0;
				TARGETED_DEVICE_FAMILY = "1,2";
				TEST_HOST = "$(BUILT_PRODUCTS_DIR)/cleveriosclient.app/$(BUNDLE_EXECUTABLE_FOLDER_PATH)/cleveriosclient";
			};
			name = Release;
		};
		C6A4F8E12E01751700FAEC72 /* Debug */ = {
			isa = XCBuildConfiguration;
			buildSettings = {
				CODE_SIGN_STYLE = Automatic;
				CURRENT_PROJECT_VERSION = 1;
				GENERATE_INFOPLIST_FILE = YES;
				MARKETING_VERSION = 1.0;
				PRODUCT_BUNDLE_IDENTIFIER = com.fredalix.cctoolkit.test0UITests;
				PRODUCT_NAME = "$(TARGET_NAME)";
				SWIFT_EMIT_LOC_STRINGS = NO;
				SWIFT_VERSION = 5.0;
				TARGETED_DEVICE_FAMILY = "1,2";
				TEST_TARGET_NAME = test0;
			};
			name = Debug;
		};
		C6A4F8E22E01751700FAEC72 /* Release */ = {
			isa = XCBuildConfiguration;
			buildSettings = {
				CODE_SIGN_STYLE = Automatic;
				CURRENT_PROJECT_VERSION = 1;
				GENERATE_INFOPLIST_FILE = YES;
				MARKETING_VERSION = 1.0;
				PRODUCT_BUNDLE_IDENTIFIER = com.fredalix.cctoolkit.test0UITests;
				PRODUCT_NAME = "$(TARGET_NAME)";
				SWIFT_EMIT_LOC_STRINGS = NO;
				SWIFT_VERSION = 5.0;
				TARGETED_DEVICE_FAMILY = "1,2";
				TEST_TARGET_NAME = test0;
			};
			name = Release;
		};
/* End XCBuildConfiguration section */

/* Begin XCConfigurationList section */
		C6A4F8B22E01751500FAEC72 /* Build configuration list for PBXProject "cleveriosclient" */ = {
			isa = XCConfigurationList;
			buildConfigurations = (
				C6A4F8D82E01751700FAEC72 /* Debug */,
				C6A4F8D92E01751700FAEC72 /* Release */,
			);
			defaultConfigurationIsVisible = 0;
			defaultConfigurationName = Release;
		};
		C6A4F8DA2E01751700FAEC72 /* Build configuration list for PBXNativeTarget "cleveriosclient" */ = {
			isa = XCConfigurationList;
			buildConfigurations = (
				C6A4F8DB2E01751700FAEC72 /* Debug */,
				C6A4F8DC2E01751700FAEC72 /* Release */,
			);
			defaultConfigurationIsVisible = 0;
			defaultConfigurationName = Release;
		};
		C6A4F8DD2E01751700FAEC72 /* Build configuration list for PBXNativeTarget "cleveriosclientTests" */ = {
			isa = XCConfigurationList;
			buildConfigurations = (
				C6A4F8DE2E01751700FAEC72 /* Debug */,
				C6A4F8DF2E01751700FAEC72 /* Release */,
			);
			defaultConfigurationIsVisible = 0;
			defaultConfigurationName = Release;
		};
		C6A4F8E02E01751700FAEC72 /* Build configuration list for PBXNativeTarget "cleveriosclientUITests" */ = {
			isa = XCConfigurationList;
			buildConfigurations = (
				C6A4F8E12E01751700FAEC72 /* Debug */,
				C6A4F8E22E01751700FAEC72 /* Release */,
			);
			defaultConfigurationIsVisible = 0;
			defaultConfigurationName = Release;
		};
/* End XCConfigurationList section */
	};
	rootObject = C6A4F8AF2E01751500FAEC72 /* Project object */;
}
